
Microsoft Visual Studio Solution File, Format Version 11.00
# Visual Studio 2010
Project("{F184B08F-C81C-45F6-A57F-5ABD9991F28F}") = "Tarea 07", "Tarea 07\Tarea 07.vbproj", "{04C21EF4-997C-4945-A5C0-7F96BA2E42AA}"
EndProject
Global
	GlobalSection(SolutionConfigurationPlatforms) = preSolution
		Debug|x86 = Debug|x86
		Release|x86 = Release|x86
	EndGlobalSection
	GlobalSection(ProjectConfigurationPlatforms) = postSolution
		{04C21EF4-997C-4945-A5C0-7F96BA2E42AA}.Debug|x86.ActiveCfg = Debug|x86
		{04C21EF4-997C-4945-A5C0-7F96BA2E42AA}.Debug|x86.Build.0 = Debug|x86
		{04C21EF4-997C-4945-A5C0-7F96BA2E42AA}.Release|x86.ActiveCfg = Release|x86
		{04C21EF4-997C-4945-A5C0-7F96BA2E42AA}.Release|x86.Build.0 = Release|x86
	EndGlobalSection
	GlobalSection(SolutionProperties) = preSolution
		HideSolutionNode = FALSE
	EndGlobalSection
EndGlobal
